{
  "originHash" : "5d77acdec1d5c3fd570452b1650c3e7676d2a2934013f9a06462d5510117ee52",
  "pins" : [
    {
      "identity" : "cryptoswift",
      "kind" : "remoteSourceControl",
      "location" : "https://github.com/krzyzanowskim/CryptoSwift.git",
      "state" : {
        "revision" : "729e01bc9b9dab466ac85f21fb9ee2bc1c61b258",
        "version" : "1.8.4"
      }
    },
    {
      "identity" : "plzmasdk",
      "kind" : "remoteSourceControl",
      "location" : "https://github.com/OlehKulykov/PLzmaSDK.git",
      "state" : {
        "revision" : "d42ec415ffa0fa45bafd09b9e36e7bf8dfc6c136",
        "version" : "1.5.0"
      }
    },
    {
      "identity" : "zipfoundation",
      "kind" : "remoteSourceControl",
      "location" : "https://github.com/weichsel/ZIPFoundation.git",
      "state" : {
        "revision" : "02b6abe5f6eef7e3cbd5f247c5cc24e246efcfe0",
        "version" : "0.9.19"
      }
    }
  ],
  "version" : 3
}
